<?xml version="1.0" encoding="utf-8"?>
<Project ToolsVersion="4.0" xmlns="http://schemas.microsoft.com/developer/msbuild/2003">
  <ItemGroup>
    <ClCompile Include="Admin.cpp" />
    <ClCompile Include="MainWindow.cpp" />
    <ClCompile Include="Student.cpp" />
    <ClCompile Include="BookStore.cpp" />
    <ClCompile Include="Book.cpp" />
  </ItemGroup>
  <ItemGroup>
    <ClInclude Include="Admin.h" />
    <ClInclude Include="Book.h" />
    <ClInclude Include="BookStore.h" />
    <ClInclude Include="Database.h" />
    <ClInclude Include="Student.h" />
  </ItemGroup>
</Project>